
Microsoft Visual Studio Solution File, Format Version 12.00
# Visual Studio Version 16
VisualStudioVersion = 16.0.30413.136
MinimumVisualStudioVersion = 10.0.40219.1
Project("{9A19103F-16F7-4668-BE54-9A1E7A4F7556}") = "PaliBot", "PaliBot\PaliBot.csproj", "{485F02C5-55B9-417C-9835-6074CE1FAE4D}"
EndProject
Project("{9A19103F-16F7-4668-BE54-9A1E7A4F7556}") = "PaliBot.Test", "PaliBot.Test\PaliBot.Test.csproj", "{A0C78983-D767-48AD-B82B-6174149B0089}"
EndProject
Project("{9A19103F-16F7-4668-BE54-9A1E7A4F7556}") = "PaliBot.Console", "PaliBot.Console\PaliBot.Console.csproj", "{EFC3F2A0-426E-4C92-9633-5A74B99910B1}"
EndProject
Project("{FAE04EC0-301F-11D3-BF4B-00C04F79EFBC}") = "PaliBot.ApiClient", "PaliBot.ApiClient\PaliBot.ApiClient.csproj", "{A2B85256-FA80-4CF1-84DB-B782846EF822}"
EndProject
Global
	GlobalSection(SolutionConfigurationPlatforms) = preSolution
		Debug|Any CPU = Debug|Any CPU
		Release|Any CPU = Release|Any CPU
	EndGlobalSection
	GlobalSection(ProjectConfigurationPlatforms) = postSolution
		{485F02C5-55B9-417C-9835-6074CE1FAE4D}.Debug|Any CPU.ActiveCfg = Debug|Any CPU
		{485F02C5-55B9-417C-9835-6074CE1FAE4D}.Debug|Any CPU.Build.0 = Debug|Any CPU
		{485F02C5-55B9-417C-9835-6074CE1FAE4D}.Release|Any CPU.ActiveCfg = Release|Any CPU
		{485F02C5-55B9-417C-9835-6074CE1FAE4D}.Release|Any CPU.Build.0 = Release|Any CPU
		{A0C78983-D767-48AD-B82B-6174149B0089}.Debug|Any CPU.ActiveCfg = Debug|Any CPU
		{A0C78983-D767-48AD-B82B-6174149B0089}.Debug|Any CPU.Build.0 = Debug|Any CPU
		{A0C78983-D767-48AD-B82B-6174149B0089}.Release|Any CPU.ActiveCfg = Release|Any CPU
		{A0C78983-D767-48AD-B82B-6174149B0089}.Release|Any CPU.Build.0 = Release|Any CPU
		{EFC3F2A0-426E-4C92-9633-5A74B99910B1}.Debug|Any CPU.ActiveCfg = Debug|Any CPU
		{EFC3F2A0-426E-4C92-9633-5A74B99910B1}.Debug|Any CPU.Build.0 = Debug|Any CPU
		{EFC3F2A0-426E-4C92-9633-5A74B99910B1}.Release|Any CPU.ActiveCfg = Release|Any CPU
		{EFC3F2A0-426E-4C92-9633-5A74B99910B1}.Release|Any CPU.Build.0 = Release|Any CPU
		{A2B85256-FA80-4CF1-84DB-B782846EF822}.Debug|Any CPU.ActiveCfg = Debug|Any CPU
		{A2B85256-FA80-4CF1-84DB-B782846EF822}.Debug|Any CPU.Build.0 = Debug|Any CPU
		{A2B85256-FA80-4CF1-84DB-B782846EF822}.Release|Any CPU.ActiveCfg = Release|Any CPU
		{A2B85256-FA80-4CF1-84DB-B782846EF822}.Release|Any CPU.Build.0 = Release|Any CPU
	EndGlobalSection
	GlobalSection(SolutionProperties) = preSolution
		HideSolutionNode = FALSE
	EndGlobalSection
	GlobalSection(ExtensibilityGlobals) = postSolution
		SolutionGuid = {029D67BE-32BC-42A7-85BD-8080E0CFBE4D}
	EndGlobalSection
EndGlobal
